{
  "version": "4",
  "specifiers": {
    "jsr:@supabase/functions-js@*": "2.4.4",
    "npm:@types/node@*": "22.12.0",
    "npm:openai@^4.52.5": "4.93.0"
  },
  "jsr": {
    "@supabase/functions-js@2.4.4": {
      "integrity": "38456509a6e22fb116b118464cbb36357256f9048d3580632b63af91f63769f7",
      "dependencies": [
        "npm:openai"
      ]
    }
  },
  "npm": {
    "@types/node-fetch@2.6.12": {
      "integrity": "sha512-8nneRWKCg3rMtF69nLQJnOYUcbafYeFSjqkw3jCRLsqkWFlHaoQrr5mXmofFGOx3DKn7UfmBMyov8ySvLRVldA==",
      "dependencies": [
        "@types/node@22.12.0",
        "form-data"
      ]
    },
    "@types/node@18.19.86": {
      "integrity": "sha512-fifKayi175wLyKyc5qUfyENhQ1dCNI1UNjp653d8kuYcPQN5JhX3dGuP/XmvPTg/xRBn1VTLpbmi+H/Mr7tLfQ==",
      "dependencies": [
        "undici-types@5.26.5"
      ]
    },
    "@types/node@22.12.0": {
      "integrity": "sha512-Fll2FZ1riMjNmlmJOdAyY5pUbkftXslB5DgEzlIuNaiWhXd00FhWxVC/r4yV/4wBb9JfImTu+jiSvXTkJ7F/gA==",
      "dependencies": [
        "undici-types@6.20.0"
      ]
    },
    "abort-controller@3.0.0": {
      "integrity": "sha512-h8lQ8tacZYnR3vNQTgibj+tODHI5/+l06Au2Pcriv/Gmet0eaj4TwWH41sO9wnHDiQsEj19q0drzdWdeAHtweg==",
      "dependencies": [
        "event-target-shim"
      ]
    },
    "agentkeepalive@4.6.0": {
      "integrity": "sha512-kja8j7PjmncONqaTsB8fQ+wE2mSU2DJ9D4XKoJ5PFWIdRMa6SLSN1ff4mOr4jCbfRSsxR4keIiySJU0N9T5hIQ==",
      "dependencies": [
        "humanize-ms"
      ]
    },
    "asynckit@0.4.0": {
      "integrity": "sha512-Oei9OH4tRh0YqU3GxhX79dM/mwVgvbZJaSNaRk+bshkj0S5cfHcgYakreBjrHwatXKbz+IoIdYLxrKim2MjW0Q=="
    },
    "call-bind-apply-helpers@1.0.2": {
      "integrity": "sha512-Sp1ablJ0ivDkSzjcaJdxEunN5/XvksFJ2sMBFfq6x0ryhQV/2b/KwFe21cMpmHtPOSij8K99/wSfoEuTObmuMQ==",
      "dependencies": [
        "es-errors",
        "function-bind"
      ]
    },
    "combined-stream@1.0.8": {
      "integrity": "sha512-FQN4MRfuJeHf7cBbBMJFXhKSDq+2kAArBlmRBvcvFE5BB1HZKXtSFASDhdlz9zOYwxh8lDdnvmMOe/+5cdoEdg==",
      "dependencies": [
        "delayed-stream"
      ]
    },
    "delayed-stream@1.0.0": {
      "integrity": "sha512-ZySD7Nf91aLB0RxL4KGrKHBXl7Eds1DAmEdcoVawXnLD7SDhpNgtuII2aAkg7a7QS41jxPSZ17p4VdGnMHk3MQ=="
    },
    "dunder-proto@1.0.1": {
      "integrity": "sha512-KIN/nDJBQRcXw0MLVhZE9iQHmG68qAVIBg9CqmUYjmQIhgij9U5MFvrqkUL5FbtyyzZuOeOt0zdeRe4UY7ct+A==",
      "dependencies": [
        "call-bind-apply-helpers",
        "es-errors",
        "gopd"
      ]
    },
    "es-define-property@1.0.1": {
      "integrity": "sha512-e3nRfgfUZ4rNGL232gUgX06QNyyez04KdjFrF+LTRoOXmrOgFKDg4BCdsjW8EnT69eqdYGmRpJwiPVYNrCaW3g=="
    },
    "es-errors@1.3.0": {
      "integrity": "sha512-Zf5H2Kxt2xjTvbJvP2ZWLEICxA6j+hAmMzIlypy4xcBg1vKVnx89Wy0GbS+kf5cwCVFFzdCFh2XSCFNULS6csw=="
    },
    "es-object-atoms@1.1.1": {
      "integrity": "sha512-FGgH2h8zKNim9ljj7dankFPcICIK9Cp5bm+c2gQSYePhpaG5+esrLODihIorn+Pe6FGJzWhXQotPv73jTaldXA==",
      "dependencies": [
        "es-errors"
      ]
    },
    "es-set-tostringtag@2.1.0": {
      "integrity": "sha512-j6vWzfrGVfyXxge+O0x5sh6cvxAog0a/4Rdd2K36zCMV5eJ+/+tOAngRO8cODMNWbVRdVlmGZQL2YS3yR8bIUA==",
      "dependencies": [
        "es-errors",
        "get-intrinsic",
        "has-tostringtag",
        "hasown"
      ]
    },
    "event-target-shim@5.0.1": {
      "integrity": "sha512-i/2XbnSz/uxRCU6+NdVJgKWDTM427+MqYbkQzD321DuCQJUqOuJKIA0IM2+W2xtYHdKOmZ4dR6fExsd4SXL+WQ=="
    },
    "form-data-encoder@1.7.2": {
      "integrity": "sha512-qfqtYan3rxrnCk1VYaA4H+Ms9xdpPqvLZa6xmMgFvhO32x7/3J/ExcTd6qpxM0vH2GdMI+poehyBZvqfMTto8A=="
    },
    "form-data@4.0.2": {
      "integrity": "sha512-hGfm/slu0ZabnNt4oaRZ6uREyfCj6P4fT/n6A1rGV+Z0VdGXjfOhVUpkn6qVQONHGIFwmveGXyDs75+nr6FM8w==",
      "dependencies": [
        "asynckit",
        "combined-stream",
        "es-set-tostringtag",
        "mime-types"
      ]
    },
    "formdata-node@4.4.1": {
      "integrity": "sha512-0iirZp3uVDjVGt9p49aTaqjk84TrglENEDuqfdlZQ1roC9CWlPk6Avf8EEnZNcAqPonwkG35x4n3ww/1THYAeQ==",
      "dependencies": [
        "node-domexception",
        "web-streams-polyfill"
      ]
    },
    "function-bind@1.1.2": {
      "integrity": "sha512-7XHNxH7qX9xG5mIwxkhumTox/MIRNcOgDrxWsMt2pAr23WHp6MrRlN7FBSFpCpr+oVO0F744iUgR82nJMfG2SA=="
    },
    "get-intrinsic@1.3.0": {
      "integrity": "sha512-9fSjSaos/fRIVIp+xSJlE6lfwhES7LNtKaCBIamHsjr2na1BiABJPo0mOjjz8GJDURarmCPGqaiVg5mfjb98CQ==",
      "dependencies": [
        "call-bind-apply-helpers",
        "es-define-property",
        "es-errors",
        "es-object-atoms",
        "function-bind",
        "get-proto",
        "gopd",
        "has-symbols",
        "hasown",
        "math-intrinsics"
      ]
    },
    "get-proto@1.0.1": {
      "integrity": "sha512-sTSfBjoXBp89JvIKIefqw7U2CCebsc74kiY6awiGogKtoSGbgjYE/G/+l9sF3MWFPNc9IcoOC4ODfKHfxFmp0g==",
      "dependencies": [
        "dunder-proto",
        "es-object-atoms"
      ]
    },
    "gopd@1.2.0": {
      "integrity": "sha512-ZUKRh6/kUFoAiTAtTYPZJ3hw9wNxx+BIBOijnlG9PnrJsCcSjs1wyyD6vJpaYtgnzDrKYRSqf3OO6Rfa93xsRg=="
    },
    "has-symbols@1.1.0": {
      "integrity": "sha512-1cDNdwJ2Jaohmb3sg4OmKaMBwuC48sYni5HUw2DvsC8LjGTLK9h+eb1X6RyuOHe4hT0ULCW68iomhjUoKUqlPQ=="
    },
    "has-tostringtag@1.0.2": {
      "integrity": "sha512-NqADB8VjPFLM2V0VvHUewwwsw0ZWBaIdgo+ieHtK3hasLz4qeCRjYcqfB6AQrBggRKppKF8L52/VqdVsO47Dlw==",
      "dependencies": [
        "has-symbols"
      ]
    },
    "hasown@2.0.2": {
      "integrity": "sha512-0hJU9SCPvmMzIBdZFqNPXWa6dqh7WdH0cII9y+CyS8rG3nL48Bclra9HmKhVVUHyPWNH5Y7xDwAB7bfgSjkUMQ==",
      "dependencies": [
        "function-bind"
      ]
    },
    "humanize-ms@1.2.1": {
      "integrity": "sha512-Fl70vYtsAFb/C06PTS9dZBo7ihau+Tu/DNCk/OyHhea07S+aeMWpFFkUaXRa8fI+ScZbEI8dfSxwY7gxZ9SAVQ==",
      "dependencies": [
        "ms"
      ]
    },
    "math-intrinsics@1.1.0": {
      "integrity": "sha512-/IXtbwEk5HTPyEwyKX6hGkYXxM9nbj64B+ilVJnC/R6B0pH5G4V3b0pVbL7DBj4tkhBAppbQUlf6F6Xl9LHu1g=="
    },
    "mime-db@1.52.0": {
      "integrity": "sha512-sPU4uV7dYlvtWJxwwxHD0PuihVNiE7TyAbQ5SWxDCB9mUYvOgroQOwYQQOKPJ8CIbE+1ETVlOoK1UC2nU3gYvg=="
    },
    "mime-types@2.1.35": {
      "integrity": "sha512-ZDY+bPm5zTTF+YpCrAU9nK0UgICYPT0QtT1NZWFv4s++TNkcgVaT0g6+4R2uI4MjQjzysHB1zxuWL50hzaeXiw==",
      "dependencies": [
        "mime-db"
      ]
    },
    "ms@2.1.3": {
      "integrity": "sha512-6FlzubTLZG3J2a/NVCAleEhjzq5oxgHyaCU9yYXvcLsvoVaHJq/s5xXI6/XXP6tz7R9xAOtHnSO/tXtF3WRTlA=="
    },
    "node-domexception@1.0.0": {
      "integrity": "sha512-/jKZoMpw0F8GRwl4/eLROPA3cfcXtLApP0QzLmUT/HuPCZWyB7IY9ZrMeKw2O/nFIqPQB3PVM9aYm0F312AXDQ=="
    },
    "node-fetch@2.7.0": {
      "integrity": "sha512-c4FRfUm/dbcWZ7U+1Wq0AwCyFL+3nt2bEw05wfxSz+DWpWsitgmSgYmy2dQdWyKC1694ELPqMs/YzUSNozLt8A==",
      "dependencies": [
        "whatwg-url"
      ]
    },
    "openai@4.93.0": {
      "integrity": "sha512-2kONcISbThKLfm7T9paVzg+QCE1FOZtNMMUfXyXckUAoXRRS/mTP89JSDHPMp8uM5s0bz28RISbvQjArD6mgUQ==",
      "dependencies": [
        "@types/node@18.19.86",
        "@types/node-fetch",
        "abort-controller",
        "agentkeepalive",
        "form-data-encoder",
        "formdata-node",
        "node-fetch"
      ]
    },
    "tr46@0.0.3": {
      "integrity": "sha512-N3WMsuqV66lT30CrXNbEjx4GEwlow3v6rr4mCcv6prnfwhS01rkgyFdjPNBYd9br7LpXV1+Emh01fHnq2Gdgrw=="
    },
    "undici-types@5.26.5": {
      "integrity": "sha512-JlCMO+ehdEIKqlFxk6IfVoAUVmgz7cU7zD/h9XZ0qzeosSHmUJVOzSQvvYSYWXkFXC+IfLKSIffhv0sVZup6pA=="
    },
    "undici-types@6.20.0": {
      "integrity": "sha512-Ny6QZ2Nju20vw1SRHe3d9jVu6gJ+4e3+MMpqu7pqE5HT6WsTSlce++GQmK5UXS8mzV8DSYHrQH+Xrf2jVcuKNg=="
    },
    "web-streams-polyfill@4.0.0-beta.3": {
      "integrity": "sha512-QW95TCTaHmsYfHDybGMwO5IJIM93I/6vTRk+daHTWFPhwh+C8Cg7j7XyKrwrj8Ib6vYXe0ocYNrmzY4xAAN6ug=="
    },
    "webidl-conversions@3.0.1": {
      "integrity": "sha512-2JAn3z8AR6rjK8Sm8orRC0h/bcl/DqL7tRPdGZ4I1CjdF+EaMLmYxBHyXuKL849eucPFhvBoxMsflfOb8kxaeQ=="
    },
    "whatwg-url@5.0.0": {
      "integrity": "sha512-saE57nupxk6v3HY35+jzBwYa0rKSy0XR8JSxZPwgLr7ys0IBzhGviA1/TUGJLmSVqs8pb9AnvICXEuOHLprYTw==",
      "dependencies": [
        "tr46",
        "webidl-conversions"
      ]
    }
  },
  "redirects": {
    "https://esm.sh/@mozilla/readability@^0.4.4?target=denonext": "https://esm.sh/@mozilla/readability@0.4.4?target=denonext",
    "https://esm.sh/@supabase/node-fetch@^2.6.14?target=denonext": "https://esm.sh/@supabase/node-fetch@2.6.15?target=denonext",
    "https://esm.sh/@supabase/supabase-js": "https://esm.sh/@supabase/supabase-js@2.49.4",
    "https://esm.sh/@supabase/supabase-js@2": "https://esm.sh/@supabase/supabase-js@2.49.4",
    "https://esm.sh/@types/boolbase@~1.0.3/index.d.ts": "https://esm.sh/@types/boolbase@1.0.3/index.d.ts",
    "https://esm.sh/@types/cssom@~0.4.3/index.d.ts": "https://esm.sh/@types/cssom@0.4.3/index.d.ts",
    "https://esm.sh/@types/parse-srcset@~1.0.0/index.d.ts": "https://esm.sh/@types/parse-srcset@1.0.0/index.d.ts",
    "https://esm.sh/@types/sanitize-html@~2.11.0/index.d.ts": "https://esm.sh/@types/sanitize-html@2.11.0/index.d.ts",
    "https://esm.sh/@types/ws@~8.5.14/index.d.mts": "https://esm.sh/@types/ws@8.5.14/index.d.mts",
    "https://esm.sh/bellajs@^11.1.2?target=denonext": "https://esm.sh/bellajs@11.2.0?target=denonext",
    "https://esm.sh/boolbase@^1.0.0?target=denonext": "https://esm.sh/boolbase@1.0.0?target=denonext",
    "https://esm.sh/bufferutil@^4.0.1?target=denonext": "https://esm.sh/bufferutil@4.0.9?target=denonext",
    "https://esm.sh/build/Release/canvas.node?target=denonext": "https://esm.sh/build@0.1.4/Release/canvas.node?target=denonext",
    "https://esm.sh/canvas?target=denonext": "https://esm.sh/canvas@3.1.0?target=denonext",
    "https://esm.sh/css-select@^5.1.0?target=denonext": "https://esm.sh/css-select@5.1.0?target=denonext",
    "https://esm.sh/css-what@^6.1.0?target=denonext": "https://esm.sh/css-what@6.1.0?target=denonext",
    "https://esm.sh/cssom@^0.5.0?target=denonext": "https://esm.sh/cssom@0.5.0?target=denonext",
    "https://esm.sh/deepmerge@^4.2.2?target=denonext": "https://esm.sh/deepmerge@4.3.1?target=denonext",
    "https://esm.sh/dom-serializer@^2.0.0?target=denonext": "https://esm.sh/dom-serializer@2.0.0?target=denonext",
    "https://esm.sh/domelementtype@^2.3.0?target=denonext": "https://esm.sh/domelementtype@2.3.0?target=denonext",
    "https://esm.sh/domhandler@^5.0.3?target=denonext": "https://esm.sh/domhandler@5.0.3?target=denonext",
    "https://esm.sh/domutils@^3.0.1?target=denonext": "https://esm.sh/domutils@3.2.2?target=denonext",
    "https://esm.sh/entities@^4.2.0?target=denonext": "https://esm.sh/entities@4.5.0?target=denonext",
    "https://esm.sh/entities@^4.4.0/lib/decode?target=denonext": "https://esm.sh/entities@4.5.0/lib/decode?target=denonext",
    "https://esm.sh/escape-string-regexp@^4.0.0?target=denonext": "https://esm.sh/escape-string-regexp@4.0.0?target=denonext",
    "https://esm.sh/htmlparser2@^8.0.0?target=denonext": "https://esm.sh/htmlparser2@8.0.2?target=denonext",
    "https://esm.sh/htmlparser2@^8.0.1?target=denonext": "https://esm.sh/htmlparser2@8.0.2?target=denonext",
    "https://esm.sh/linkedom@^0.15.1?target=denonext": "https://esm.sh/linkedom@0.15.6?target=denonext",
    "https://esm.sh/nanoid@^3.3.8/non-secure?target=denonext": "https://esm.sh/nanoid@3.3.11/non-secure?target=denonext",
    "https://esm.sh/node-gyp-build@^4.3.0?target=denonext": "https://esm.sh/node-gyp-build@4.8.4?target=denonext",
    "https://esm.sh/nth-check@^2.0.1?target=denonext": "https://esm.sh/nth-check@2.1.1?target=denonext",
    "https://esm.sh/parse-srcset@^1.0.2?target=denonext": "https://esm.sh/parse-srcset@1.0.2?target=denonext",
    "https://esm.sh/picocolors@^1.1.1?target=denonext": "https://esm.sh/picocolors@1.1.1?target=denonext",
    "https://esm.sh/postcss@^8.3.11?target=denonext": "https://esm.sh/postcss@8.5.3?target=denonext",
    "https://esm.sh/source-map-js@^1.2.1?target=denonext": "https://esm.sh/source-map-js@1.2.1?target=denonext",
    "https://esm.sh/tr46@~0.0.3?target=denonext": "https://esm.sh/tr46@0.0.3?target=denonext",
    "https://esm.sh/uhyphen@^0.2.0?target=denonext": "https://esm.sh/uhyphen@0.2.0?target=denonext",
    "https://esm.sh/utf-8-validate@%3E=5.0.2?target=denonext": "https://esm.sh/utf-8-validate@6.0.5?target=denonext",
    "https://esm.sh/webidl-conversions@^3.0.0?target=denonext": "https://esm.sh/webidl-conversions@3.0.1?target=denonext",
    "https://esm.sh/whatwg-url@^5.0.0?target=denonext": "https://esm.sh/whatwg-url@5.0.0?target=denonext",
    "https://esm.sh/ws@^8.18.0?target=denonext": "https://esm.sh/ws@8.18.1?target=denonext"
  },
  "remote": {
    "https://esm.sh/@extractus/article-extractor@8.0.3": "f830310f231f9c2892367eacab2a812f1aead2b5e3e75bb075eed5a1f0948422",
    "https://esm.sh/@extractus/article-extractor@8.0.3/denonext/article-extractor.mjs": "160b6570f5b4c060a13f057b414ee87c0acb72e109932c67095c990831fabc14",
    "https://esm.sh/@extractus/article-extractor@8.0.3/denonext/src/deno/cross-fetch.mjs": "8fb5c625d42e3fbce59f6772d28c68f41aa07f79d98dc07bbcba1bdbd0075019",
    "https://esm.sh/@mozilla/readability@0.4.4/denonext/readability.mjs": "ec916501de0d3871402ca6ed5cd823e51f9bf12cebf423f889a219a7bc30c4af",
    "https://esm.sh/@mozilla/readability@0.4.4?target=denonext": "2f8567fd10326e526686db9d01962d3dd25d576b10dd3d1372ec3e260e1c84ce",
    "https://esm.sh/@supabase/auth-js@2.69.1/denonext/auth-js.mjs": "fb31c3925437753f5a8a90fc57ea24dc5b68b2b295e696123b1b6a635b7b3ada",
    "https://esm.sh/@supabase/functions-js@2.4.4/denonext/functions-js.mjs": "7adeb257410ef3c4a8a1eb9b4ff416c0075d1c32860ca04913c8a9dace1de6a6",
    "https://esm.sh/@supabase/node-fetch@2.6.15/denonext/node-fetch.mjs": "0bae9052231f4f6dbccc7234d05ea96923dbf967be12f402764580b6bf9f713d",
    "https://esm.sh/@supabase/node-fetch@2.6.15?target=denonext": "4d28c4ad97328403184353f68434f2b6973971507919e9150297413664919cf3",
    "https://esm.sh/@supabase/postgrest-js@1.19.4/denonext/postgrest-js.mjs": "2073b5552ba10c7a8302bffffae771e3aede1daf833382355dae239fb0ab2576",
    "https://esm.sh/@supabase/realtime-js@2.11.2/denonext/realtime-js.mjs": "c33ac375b6be89c893f9df844d2525a4ace015a35aa6ba236270d00c6605c7ba",
    "https://esm.sh/@supabase/storage-js@2.7.1/denonext/storage-js.mjs": "73ac8cdc95cfcd794fe603dbd7ce06d539ab51538ae6467eabe0f9cc26c993aa",
    "https://esm.sh/@supabase/supabase-js@2.49.4": "d52c4d06946766d328fdd0ac2e007f52bb6d2ef7ce6103ad9f0f57d92b73e978",
    "https://esm.sh/@supabase/supabase-js@2.49.4/denonext/supabase-js.mjs": "8c664dda021a5abc7c0b1f49d89d5886a7f9c63c9d365eb3764e1e27440bd781",
    "https://esm.sh/bellajs@11.2.0/denonext/bellajs.mjs": "5ff140182371d9e349fbb7c00d3ae7ab4499a26e4020e72eb156d8713b97e1d8",
    "https://esm.sh/bellajs@11.2.0?target=denonext": "3b1326fb205548f37b19f505756ead64e7c24e1c628d6138b5b6d1cb3c57b961",
    "https://esm.sh/boolbase@1.0.0/denonext/boolbase.mjs": "70e9521b9532b5e4dc0c807422529b15b4452663dbdb70dff9c7b65d0ff2e3cb",
    "https://esm.sh/boolbase@1.0.0?target=denonext": "5d10bc2e0fb13eedfc6859bffbeb5a6f08679797fa8740c7d821841c2e22945f",
    "https://esm.sh/bufferutil@4.0.9/denonext/bufferutil.mjs": "13dca4d5bb2c68cbe119f880fa3bd785b9a81a8e02e0834dae604b4b85295cd8",
    "https://esm.sh/bufferutil@4.0.9?target=denonext": "e32574569ab438facfcc3f412c659b0719bbf05477136ca176938c9a3ac45125",
    "https://esm.sh/canvas@3.1.0/denonext/canvas.mjs": "a1d96a51177d4260fdb7137202eb5d44ed32fc5acaf2aec5a11e6e48883d1a18",
    "https://esm.sh/canvas@3.1.0?target=denonext": "6dbba5ebe918d943aff4ad57eced932791d1589bf982b3da4733ec0ca6ea36c4",
    "https://esm.sh/css-select@5.1.0/denonext/css-select.mjs": "73fe74e279149f98c8dbc173c54f7425199677b29e20bcf630020544a5324ee6",
    "https://esm.sh/css-select@5.1.0?target=denonext": "650d758890a760f4b8eb3e8e18e4060cec308d936d30613c09829f6b6cecb9da",
    "https://esm.sh/css-what@6.1.0/denonext/css-what.mjs": "b16cd5c84fc437a3e0f5a2ada73c2202d99400ec22c7eafb41ace95871c7f49f",
    "https://esm.sh/css-what@6.1.0?target=denonext": "308ca80cb48b37e11669a2d108c5d8939bcfa8b6c9ad8a7ec4aca0b474f774c7",
    "https://esm.sh/cssom@0.5.0/denonext/cssom.mjs": "9d6c9e9fe0e5bcfe6b4265bbea02ff855fa10de720b39a089b67b966bd84d710",
    "https://esm.sh/cssom@0.5.0?target=denonext": "1502162980e9e132a91617ccac5324e5d64f5bce1bbf041a7a37a2d78afee9f3",
    "https://esm.sh/deepmerge@4.3.1/denonext/deepmerge.mjs": "1f448aaa83a52514faecb2edc02eb766c9eb10b935b9ac4c1c2a877a0bb56b80",
    "https://esm.sh/deepmerge@4.3.1?target=denonext": "a8faef33b536441a2c63f8c967d160848eb1f898a8e83a35a9f0623ecd9063d3",
    "https://esm.sh/dom-serializer@2.0.0/denonext/dom-serializer.mjs": "545028b1d2c25bae5cbfe6930a28a2e4f7f05e1a0d09bbd0f3f5f9a33df8e3bd",
    "https://esm.sh/dom-serializer@2.0.0?target=denonext": "1626b2b8326556ea2816b5f9bf7522bc9581d545fd9ad117c066ab7a5ff1fb89",
    "https://esm.sh/domelementtype@2.3.0/denonext/domelementtype.mjs": "4f3b57348729cd517560139eb1969ca2fe9cc58c5188abe56e7336d5cb557cc0",
    "https://esm.sh/domelementtype@2.3.0?target=denonext": "2beb2a1e3d18892a9b00ef9528811b93f613a77d2b6fb25376ec0f109ac48a4f",
    "https://esm.sh/domhandler@5.0.3/denonext/domhandler.mjs": "3fb258a3d79bc9066a568bb6b09ce946d1fcfa2636a24ae80a4db220956e0873",
    "https://esm.sh/domhandler@5.0.3?target=denonext": "298fde249b7bff9e80667cfe643e7d4b390871b77b0928d086ce4c0b8fc570e2",
    "https://esm.sh/domutils@3.2.2/denonext/domutils.mjs": "f0b4e80e73810ed6f3d8c4e1822feef89208f32c88b6024a84328d02f5f77c40",
    "https://esm.sh/domutils@3.2.2?target=denonext": "7e487176c61dfd1dfdbcfd1195e7329a64f53421511561b69c570a6cff0a6167",
    "https://esm.sh/entities@4.5.0/denonext/entities.mjs": "4a9306e4021ae1079e83b5db26e1678c536fa69c8f2839802bc3cc43282cef08",
    "https://esm.sh/entities@4.5.0/denonext/lib/decode.mjs": "ef22e25f6bca668e40c4f7d4ecaebe2172a833a18372d55b54f997d0d8702dcd",
    "https://esm.sh/entities@4.5.0/denonext/lib/escape.mjs": "116aef78e5ff05efa6f79851b8b59da025ab88f5c25d2262f73df98f4d57c3fa",
    "https://esm.sh/entities@4.5.0/lib/decode?target=denonext": "488bc8401a0c85a76527d61a41352c5371904aeda57a136eb10ccfadcd2f7c8c",
    "https://esm.sh/entities@4.5.0?target=denonext": "f6bc559c07f40e94b3ef50f0b24e2666a2258db3b6697bf4da8fd2fc014ef7a1",
    "https://esm.sh/escape-string-regexp@4.0.0/denonext/escape-string-regexp.mjs": "8b9ba1b04d86262e578b7ed6f847ab744d87f8c6fdc93d0ce4814066346f253c",
    "https://esm.sh/escape-string-regexp@4.0.0?target=denonext": "773f8560c5504d7a3d2ace5dcf985473388172a407673060a1a106d1fe10076e",
    "https://esm.sh/htmlparser2@8.0.2/denonext/htmlparser2.mjs": "c0be0f190e625b82e88378875016f820a38d586e9c885d37e3dd2073a4f0fdfb",
    "https://esm.sh/htmlparser2@8.0.2/denonext/lib/esm/Parser.mjs": "d58fb2f87f8fead8e7ac03c544690908b4db21ab0513415b0cfe9311ab31aaa3",
    "https://esm.sh/htmlparser2@8.0.2/denonext/lib/esm/Tokenizer.mjs": "09109e601c7acd75b99c2a34e53e339a46301d9937e1495eaca8f9019a7b3040",
    "https://esm.sh/htmlparser2@8.0.2?target=denonext": "fd3edaa58a00e79f11b3510cc3930c9f5345486cdcc52c0afe24bbb36aece028",
    "https://esm.sh/linkedom@0.15.6/denonext/esm/html/document.mjs": "e1a8d4f44a94c47680486a559d47f80a72f5a9d8e0bae3c064a7250ceed027cb",
    "https://esm.sh/linkedom@0.15.6/denonext/esm/html/element.mjs": "2eec198c6bb2742a769eb20ee16ba37627d4ea9dcaa05d8f7b8da8e9711ed78f",
    "https://esm.sh/linkedom@0.15.6/denonext/esm/html/image-element.mjs": "967837a9e69d70d78d5a3e2b02717d5687d425ca1a2082476185236504124f22",
    "https://esm.sh/linkedom@0.15.6/denonext/esm/interface/attr.mjs": "4b9d200466ef2271330bda12b4953087655e941c79758fc5c05264a346b18f6f",
    "https://esm.sh/linkedom@0.15.6/denonext/esm/interface/character-data.mjs": "d9eaa6c2bca117977f4715cf11fc9c16a17c16ae831c43acfb925183613cb2ba",
    "https://esm.sh/linkedom@0.15.6/denonext/esm/interface/comment.mjs": "6f96bfd9b34867a0438454ce807179417798eebaa30ebb508ab27bde8a0eaf91",
    "https://esm.sh/linkedom@0.15.6/denonext/esm/interface/custom-element-registry.mjs": "8fe92961019152196b1408f194209ba69aac93c0593d8e0699ec9a8e3c35020a",
    "https://esm.sh/linkedom@0.15.6/denonext/esm/interface/custom-event.mjs": "0879374881766bdb79558c831b9721927ba740784ab3bbc555f17bcf474b95e6",
    "https://esm.sh/linkedom@0.15.6/denonext/esm/interface/document-fragment.mjs": "79eb2a66ba19420afe5a4868ebaea0d98364c4b8ee4305ddcdea0c7e2a03feba",
    "https://esm.sh/linkedom@0.15.6/denonext/esm/interface/document-type.mjs": "af16fb7abe9fa2b542076f2cc7439d33dc33aa0a73d2e656e3b61e0f4c586df3",
    "https://esm.sh/linkedom@0.15.6/denonext/esm/interface/document.mjs": "670a1a08f84f0ae7463fc3abbf968aaf78308dea59efa86c76038f59bf8b7204",
    "https://esm.sh/linkedom@0.15.6/denonext/esm/interface/element.mjs": "5bd60c7533e12eb9df4bfa1795f26cd072462bcabcf523e0e1d5f217612fd134",
    "https://esm.sh/linkedom@0.15.6/denonext/esm/interface/event-target.mjs": "8ef0d25c15cee7caa465d75f15fad537cef86eec672f8b9576a9c3828e86b305",
    "https://esm.sh/linkedom@0.15.6/denonext/esm/interface/event.mjs": "9333c42d422a34ff4858b23b0c5d8b0a4a9754b75f3715d9d859cdbe9454400a",
    "https://esm.sh/linkedom@0.15.6/denonext/esm/interface/input-event.mjs": "69aec6e82bfe66cc6aa6913028ddaa41b3b0390081405c69b1a32289386bfb64",
    "https://esm.sh/linkedom@0.15.6/denonext/esm/interface/mutation-observer.mjs": "54e5b53c94b9938a4e77784a29ea66d3969bfa638c6b94780e748131f758abf4",
    "https://esm.sh/linkedom@0.15.6/denonext/esm/interface/named-node-map.mjs": "e8226b6a6b7de5ebb27439518be214df16918fcf15934076d9c089782ded1a68",
    "https://esm.sh/linkedom@0.15.6/denonext/esm/interface/node-list.mjs": "729d0b4cdf1e1d83692c2c479a04e68dc38f7fa1054e310851ca31045877e0a2",
    "https://esm.sh/linkedom@0.15.6/denonext/esm/interface/node.mjs": "d267b36c181dc71e7865013ce45777418d0d9b6c8dbb8d6e0f65efc1637e74aa",
    "https://esm.sh/linkedom@0.15.6/denonext/esm/interface/shadow-root.mjs": "f7a16c571b436aeedb4c6fe96bf986bf3b1eea1adfb2ff5a3a9843bcbad5f4cd",
    "https://esm.sh/linkedom@0.15.6/denonext/esm/interface/text.mjs": "ac9a784ffdc04e108627d14ada15676809e7465917920133165fbe72559bad8c",
    "https://esm.sh/linkedom@0.15.6/denonext/esm/mixin/child-node.mjs": "694c1f74e408f364c9eb23306e59346e8a983d92a5ba144242f20ae017001752",
    "https://esm.sh/linkedom@0.15.6/denonext/esm/mixin/inner-html.mjs": "0a8c431e51a4c7c280bd617a01ccd463111a90a31f96d03b47eeb761e373dd11",
    "https://esm.sh/linkedom@0.15.6/denonext/esm/mixin/non-document-type-child-node.mjs": "3bedeb5cbfe0dffe68f21012286d2571808d75537bcb0e57ec58ef467c5a818b",
    "https://esm.sh/linkedom@0.15.6/denonext/esm/mixin/non-element-parent-node.mjs": "ef82a128f68d94dedd4b655bc5253d1b586057d8af41a5ee33e2db5db381ce8d",
    "https://esm.sh/linkedom@0.15.6/denonext/esm/mixin/parent-node.mjs": "4e0fd0583c41dbf3a56b2058b07446e79a8d21e1cdb6721c7015bf1c8de25ba0",
    "https://esm.sh/linkedom@0.15.6/denonext/esm/shared/attributes.mjs": "794a4a0a9979ce78017a604e05cf9c86a5754fd9d373350fe121a91de7ccc270",
    "https://esm.sh/linkedom@0.15.6/denonext/esm/shared/constants.mjs": "3dc3ca440a85037c4507d070fbee426b0d3c6436319740e72a374976c1c07a7b",
    "https://esm.sh/linkedom@0.15.6/denonext/esm/shared/facades.mjs": "dcd9ac4e1a03844fdc448b0becbfc0c89f2f5e285d5fdff05c1058e054949f5a",
    "https://esm.sh/linkedom@0.15.6/denonext/esm/shared/html-classes.mjs": "48c08e1fa26bc5c9959f9bb0b60a51581646b911c357f36e36fffc33d875146c",
    "https://esm.sh/linkedom@0.15.6/denonext/esm/shared/jsdon.mjs": "d45d8aaf3ba0bf23a5b5fa9d94b6a855156fbaf08e970e0a6469132f8cb6fe11",
    "https://esm.sh/linkedom@0.15.6/denonext/esm/shared/matches.mjs": "9baf6c82ef3f43384cd29d018153a870f41b007f62c8be5d1b68cf10835b1691",
    "https://esm.sh/linkedom@0.15.6/denonext/esm/shared/node.mjs": "31d39626eb9e23f82a9dacc5306a8110fc081df0e702b131929f123b3296b0a1",
    "https://esm.sh/linkedom@0.15.6/denonext/esm/shared/object.mjs": "e6b73e78b7f768e622f2f00689a6455500f118b39caa86e08b25617120e44ce3",
    "https://esm.sh/linkedom@0.15.6/denonext/esm/shared/parse-from-string.mjs": "dc65b2ac4967283af7c74e6910e692ab8d20a273886390b7474454b9087fd83f",
    "https://esm.sh/linkedom@0.15.6/denonext/esm/shared/register-html-class.mjs": "400fb9a63937f18bafc3cfca947743938b7cabb1cd90ebd1a17efa2794e8586a",
    "https://esm.sh/linkedom@0.15.6/denonext/esm/shared/shadow-roots.mjs": "1695d595af1fdc95f561ac6e74cc907347c5543b0e7321a0556e06fde41d64e7",
    "https://esm.sh/linkedom@0.15.6/denonext/esm/shared/symbols.mjs": "db8c43632b3b5a318f0422fe8feecbc8c21c26001673e9cbdfa3c93fd1c39ccb",
    "https://esm.sh/linkedom@0.15.6/denonext/esm/shared/utils.mjs": "79f62052af7b6eda02b5fdbd58f999667e68bb8bd8a6c8a86882b35cab312663",
    "https://esm.sh/linkedom@0.15.6/denonext/esm/svg/element.mjs": "4dcbf3ca7e88a8b16e587addd738aafef53248162780d328602f3f0437404409",
    "https://esm.sh/linkedom@0.15.6/denonext/linkedom.mjs": "48c6f5666e83493357dc52e1698da091e510c205cd652a1cb68a782c50edd43b",
    "https://esm.sh/linkedom@0.15.6?target=denonext": "2b7b23f4171163daf06e0ee52d23995653a708dc8a2ea5596962d5ef27137926",
    "https://esm.sh/nanoid@3.3.11/denonext/non-secure.mjs": "1f166118c1c4b4d4b5356ef0050fed87acf28cdb8a76813803fee72188f18b30",
    "https://esm.sh/nanoid@3.3.11/non-secure?target=denonext": "ac0c34cc5f9846db51a5d868ce6ee815f831a19b1d57a1b8bae9226fc8d68dec",
    "https://esm.sh/node-gyp-build@4.8.4/denonext/node-gyp-build.mjs": "9a86f2d044fc77bd60aaa3d697c2ba1b818da5fb1b9aaeedec59a40b8e908803",
    "https://esm.sh/node-gyp-build@4.8.4?target=denonext": "261a6cedf1fdbf159798141ba1e2311ac1510682c5c8b55dacc8cf5fdee4aa06",
    "https://esm.sh/nth-check@2.1.1/denonext/nth-check.mjs": "2b0541d4564b27c31b37b006329c64036bee04a4c8f14e8357037fd7d35ecfe4",
    "https://esm.sh/nth-check@2.1.1?target=denonext": "689135c5e0e825a2a89058636f1b3a497040597c17de9107c703e9d764d22e25",
    "https://esm.sh/parse-srcset@1.0.2/denonext/parse-srcset.mjs": "eaed6b50e95f4be186d52d09bdf27fc7f2cbdd18c300558b11e189db53e32c44",
    "https://esm.sh/parse-srcset@1.0.2?target=denonext": "5a5bb01aad672c419745d58be9f946481eb0458365a612725eb33761068036af",
    "https://esm.sh/picocolors@1.1.1/denonext/picocolors.mjs": "fa0033734392d8b8ad0c565338a77fa835e8b00e9ef244bf6f36570dd699ea3f",
    "https://esm.sh/picocolors@1.1.1?target=denonext": "97aaf037b1af74a20fe9f9f2beabba700924823101e86bdcd3ae2c9327376f74",
    "https://esm.sh/postcss@8.5.3/denonext/lib/at-rule.mjs": "6f7437ac0ce3be6635e9dbae92d864d04c32449810e3e5e77b3423354f34701f",
    "https://esm.sh/postcss@8.5.3/denonext/lib/comment.mjs": "d5867d857c6887ca39582cd8647df478bc15df05c61778c313dc0685e6f64683",
    "https://esm.sh/postcss@8.5.3/denonext/lib/container.mjs": "ce4619c06e902d109ba853c1e6095d0fad7603ddfbdf4f8b3c5289a72e9ec0b8",
    "https://esm.sh/postcss@8.5.3/denonext/lib/css-syntax-error.mjs": "a85dbf14a76c80adfff8a52f94af17e4c2f9985423996be6d6687037bbbb3361",
    "https://esm.sh/postcss@8.5.3/denonext/lib/declaration.mjs": "3697ca8c1953d496b27d940fc80161b755ee345c946750a443fabb9455972740",
    "https://esm.sh/postcss@8.5.3/denonext/lib/document.mjs": "086cfc4b672620ef4f496575b827d46562baa05c6f9246e2a1a4601fb5412b80",
    "https://esm.sh/postcss@8.5.3/denonext/lib/fromJSON.mjs": "4499f6230e596f6de0e4d1fa165c4e713002a526ec512a5e65b53b51601dd0d2",
    "https://esm.sh/postcss@8.5.3/denonext/lib/input.mjs": "1a1e774e242cf711c47c177c9020d3127a18edb84ee313bc225968e445964b7d",
    "https://esm.sh/postcss@8.5.3/denonext/lib/lazy-result.mjs": "b31f6d3a031e1710073395d271517a232a759986760a033ec2fa834b0f73c7ad",
    "https://esm.sh/postcss@8.5.3/denonext/lib/list.mjs": "da3537e7b74e5f5d56abd06c236e75dc0aa8199d37c8f42dc75d4d8ec1ce8717",
    "https://esm.sh/postcss@8.5.3/denonext/lib/map-generator.mjs": "937c84e4bb928274d6878a636557234efca79002796851241b6e9374536a5f05",
    "https://esm.sh/postcss@8.5.3/denonext/lib/no-work-result.mjs": "462b9836aab585bf66d1ca1eb28fcf9fef09f75992cacb15961edf1c80bc788d",
    "https://esm.sh/postcss@8.5.3/denonext/lib/node.mjs": "4fafbf5a547a88f65dbb13b598818698652016c575027f4e1c24fef326022eb8",
    "https://esm.sh/postcss@8.5.3/denonext/lib/parse.mjs": "9bd871a1b536570ddd83c38f0c5133c02fe5d9e69a2654de126bacd31d8711b4",
    "https://esm.sh/postcss@8.5.3/denonext/lib/parser.mjs": "25015d733d5eb81c50e650de4a7dbd3447b835910c523da39afcdc1e0df92ab5",
    "https://esm.sh/postcss@8.5.3/denonext/lib/previous-map.mjs": "c70136c0bc5701812d3a0b9a1857437ed1d42bc59fc02cfcafc4a8ee18c5d45e",
    "https://esm.sh/postcss@8.5.3/denonext/lib/processor.mjs": "428a1c0042aa650aefe3f707f90344979ce711e8e238cf8bef468dbb8eed7771",
    "https://esm.sh/postcss@8.5.3/denonext/lib/result.mjs": "e2472a546a3f551a47b4faaf8dfa9ad48426ee807403da9ddb0d3609bfc8c30c",
    "https://esm.sh/postcss@8.5.3/denonext/lib/root.mjs": "4bfe442b52402ce921c36bd5b650151754b1dce90d87f40efc818e944cd9d2aa",
    "https://esm.sh/postcss@8.5.3/denonext/lib/rule.mjs": "80d6dc0d968676506ae93345472c69975a19d5905ac6f8af6a26bf729d5b64cd",
    "https://esm.sh/postcss@8.5.3/denonext/lib/stringifier.mjs": "7ab6173b457d249234cfaf4896a45aec950af76389d8892eeb43418b5f403e7b",
    "https://esm.sh/postcss@8.5.3/denonext/lib/stringify.mjs": "d1513dc84f675d95b373ea85b328b91b52fbc596c30ee397850a60403293d5ee",
    "https://esm.sh/postcss@8.5.3/denonext/lib/symbols.mjs": "006e75589995df0aaa48c5e553b62ffdecd1fd5a1ec3f224bc3d6bfe1ec9612e",
    "https://esm.sh/postcss@8.5.3/denonext/lib/terminal-highlight.mjs": "0a4c6572c40f49bcdd6d1b17806823de6149003a3d980ebe4f4bf547224d72c7",
    "https://esm.sh/postcss@8.5.3/denonext/lib/tokenize.mjs": "13e5487d3110d5623c17a441c671602eef6f4fa208881d52b9a5805965989865",
    "https://esm.sh/postcss@8.5.3/denonext/lib/warn-once.mjs": "ce11150c8b8002e250d7ff8084f34ec63d686d4c77adf0b60177d6419130aee6",
    "https://esm.sh/postcss@8.5.3/denonext/lib/warning.mjs": "d8a43b658972cf465d6f16d72ed51ae5d6e74f5b03b4977913a08d8dfbdab54c",
    "https://esm.sh/postcss@8.5.3/denonext/postcss.mjs": "efc9ac15bf8f6d067d098c05018f4737893fdc1829e785535c20fbbf3fb0a61f",
    "https://esm.sh/postcss@8.5.3?target=denonext": "8b6ede89bb39a4b3062d567ed0bc9007858c2ec5691fb867882f9e8e7ea99e3c",
    "https://esm.sh/sanitize-html@2.11.0/denonext/sanitize-html.mjs": "a8a7eb654b5c1789e8df1d42deebd112dd5fbe2cb8ba8093668c2de7ee9f1d59",
    "https://esm.sh/source-map-js@1.2.1/denonext/source-map-js.mjs": "2129223e17c258b391a47907a69c0b86d1c87cbb66eea7e9b25ff555ec0bbc7c",
    "https://esm.sh/source-map-js@1.2.1?target=denonext": "33ba5cf2ee7c1fe6b63b36c31e9075e290bc5c574055acbdc48c2f24a21d2f83",
    "https://esm.sh/tr46@0.0.3/denonext/tr46.mjs": "5753ec0a99414f4055f0c1f97691100f13d88e48a8443b00aebb90a512785fa2",
    "https://esm.sh/tr46@0.0.3?target=denonext": "19cb9be0f0d418a0c3abb81f2df31f080e9540a04e43b0f699bce1149cba0cbb",
    "https://esm.sh/uhyphen@0.2.0/denonext/uhyphen.mjs": "c9cb7bd80a7d7de55616628523cd6be52a74cfc5ccdd0c871c10e94861e34f71",
    "https://esm.sh/uhyphen@0.2.0?target=denonext": "3b34a717188b1d17a910e19ae635d8ecc355635e66393d95163bb5b2506214d7",
    "https://esm.sh/utf-8-validate@6.0.5/denonext/utf-8-validate.mjs": "66b8ea532a0c745068f5b96ddb1bae332c3036703243541d2e89e66331974d98",
    "https://esm.sh/utf-8-validate@6.0.5?target=denonext": "071bc33ba1a58297e23a34d69dd589fd06df04b0f373b382ff5da544a623f271",
    "https://esm.sh/webidl-conversions@3.0.1/denonext/webidl-conversions.mjs": "54b5c2d50a294853c4ccebf9d5ed8988c94f4e24e463d84ec859a866ea5fafec",
    "https://esm.sh/webidl-conversions@3.0.1?target=denonext": "4e20318d50528084616c79d7b3f6e7f0fe7b6d09013bd01b3974d7448d767e29",
    "https://esm.sh/whatwg-url@5.0.0/denonext/whatwg-url.mjs": "29b16d74ee72624c915745bbd25b617cfd2248c6af0f5120d131e232a9a9af79",
    "https://esm.sh/whatwg-url@5.0.0?target=denonext": "f001a2cadf81312d214ca330033f474e74d81a003e21e8c5d70a1f46dc97b02d",
    "https://esm.sh/ws@8.18.1/denonext/ws.mjs": "732cae76ba0acb311a561003d2f7ef569293cb9159d67dd800ab346b84f80432",
    "https://esm.sh/ws@8.18.1?target=denonext": "e99b670fc49b38e15a7576ddcd5bb01e123fe9b3a017db7f97898127811b4e27"
  }
}
